
Microsoft Visual Studio Solution File, Format Version 12.00
# Visual Studio Version 17
VisualStudioVersion = 17.3.32929.385
MinimumVisualStudioVersion = 10.0.40219.1
Project("{9A19103F-16F7-4668-BE54-9A1E7A4F7556}") = "blazor-appconfig", "blazor-appconfig.csproj", "{356D8774-6F20-482B-BCB0-4757A48B9DEA}"
EndProject
Global
	GlobalSection(SolutionConfigurationPlatforms) = preSolution
		Debug|Any CPU = Debug|Any CPU
		Release|Any CPU = Release|Any CPU
	EndGlobalSection
	GlobalSection(ProjectConfigurationPlatforms) = postSolution
		{356D8774-6F20-482B-BCB0-4757A48B9DEA}.Debug|Any CPU.ActiveCfg = Debug|Any CPU
		{356D8774-6F20-482B-BCB0-4757A48B9DEA}.Debug|Any CPU.Build.0 = Debug|Any CPU
		{356D8774-6F20-482B-BCB0-4757A48B9DEA}.Release|Any CPU.ActiveCfg = Release|Any CPU
		{356D8774-6F20-482B-BCB0-4757A48B9DEA}.Release|Any CPU.Build.0 = Release|Any CPU
	EndGlobalSection
	GlobalSection(SolutionProperties) = preSolution
		HideSolutionNode = FALSE
	EndGlobalSection
	GlobalSection(ExtensibilityGlobals) = postSolution
		SolutionGuid = {44601AAB-DB1E-46B8-AFD6-51906A8E0685}
	EndGlobalSection
EndGlobal
